
Microsoft Visual Studio Solution File, Format Version 12.00
# Visual Studio Version 16
VisualStudioVersion = 16.0.30517.126
MinimumVisualStudioVersion = 10.0.40219.1
Project("{FAE04EC0-301F-11D3-BF4B-00C04F79EFBC}") = "Cw1", "Cw1\Cw1.csproj", "{35343BED-794D-4120-9520-C44F3660A562}"
EndProject
Global
	GlobalSection(SolutionConfigurationPlatforms) = preSolution
		Debug|Any CPU = Debug|Any CPU
		Release|Any CPU = Release|Any CPU
	EndGlobalSection
	GlobalSection(ProjectConfigurationPlatforms) = postSolution
		{35343BED-794D-4120-9520-C44F3660A562}.Debug|Any CPU.ActiveCfg = Debug|Any CPU
		{35343BED-794D-4120-9520-C44F3660A562}.Debug|Any CPU.Build.0 = Debug|Any CPU
		{35343BED-794D-4120-9520-C44F3660A562}.Release|Any CPU.ActiveCfg = Release|Any CPU
		{35343BED-794D-4120-9520-C44F3660A562}.Release|Any CPU.Build.0 = Release|Any CPU
	EndGlobalSection
	GlobalSection(SolutionProperties) = preSolution
		HideSolutionNode = FALSE
	EndGlobalSection
	GlobalSection(ExtensibilityGlobals) = postSolution
		SolutionGuid = {132C8136-28FF-40DF-AFD3-D997FFF7F7F1}
	EndGlobalSection
EndGlobal
